
Microsoft Visual Studio Solution File, Format Version 12.00
# Visual Studio Version 17
VisualStudioVersion = 17.6.33829.357
MinimumVisualStudioVersion = 10.0.40219.1
Project("{FAE04EC0-301F-11D3-BF4B-00C04F79EFBC}") = "SnakeForms", "SnakeForms\SnakeForms.csproj", "{D8EC4EE4-7B1C-4845-AD60-3E5C0B4DD696}"
EndProject
Global
	GlobalSection(SolutionConfigurationPlatforms) = preSolution
		Debug|Any CPU = Debug|Any CPU
		Release|Any CPU = Release|Any CPU
	EndGlobalSection
	GlobalSection(ProjectConfigurationPlatforms) = postSolution
		{D8EC4EE4-7B1C-4845-AD60-3E5C0B4DD696}.Debug|Any CPU.ActiveCfg = Debug|Any CPU
		{D8EC4EE4-7B1C-4845-AD60-3E5C0B4DD696}.Debug|Any CPU.Build.0 = Debug|Any CPU
		{D8EC4EE4-7B1C-4845-AD60-3E5C0B4DD696}.Release|Any CPU.ActiveCfg = Release|Any CPU
		{D8EC4EE4-7B1C-4845-AD60-3E5C0B4DD696}.Release|Any CPU.Build.0 = Release|Any CPU
	EndGlobalSection
	GlobalSection(SolutionProperties) = preSolution
		HideSolutionNode = FALSE
	EndGlobalSection
	GlobalSection(ExtensibilityGlobals) = postSolution
		SolutionGuid = {272FFF3D-7E1C-4758-839F-B8FE59F6D3E9}
	EndGlobalSection
EndGlobal
